
Microsoft Visual Studio Solution File, Format Version 12.00
# Visual Studio Version 17
VisualStudioVersion = 17.0.31903.59
MinimumVisualStudioVersion = 10.0.40219.1
Project("{FAE04EC0-301F-11D3-BF4B-00C04F79EFBC}") = "Email", "Email\Email.csproj", "{434A0472-C686-43D3-97AC-CBBEEA14BF1E}"
EndProject
Project("{FAE04EC0-301F-11D3-BF4B-00C04F79EFBC}") = "EmailTeste", "EmailTeste\EmailTeste.csproj", "{184A74CA-856C-4142-9826-95A26E6CFEFC}"
EndProject
Global
	GlobalSection(SolutionConfigurationPlatforms) = preSolution
		Debug|Any CPU = Debug|Any CPU
		Release|Any CPU = Release|Any CPU
	EndGlobalSection
	GlobalSection(SolutionProperties) = preSolution
		HideSolutionNode = FALSE
	EndGlobalSection
	GlobalSection(ProjectConfigurationPlatforms) = postSolution
		{434A0472-C686-43D3-97AC-CBBEEA14BF1E}.Debug|Any CPU.ActiveCfg = Debug|Any CPU
		{434A0472-C686-43D3-97AC-CBBEEA14BF1E}.Debug|Any CPU.Build.0 = Debug|Any CPU
		{434A0472-C686-43D3-97AC-CBBEEA14BF1E}.Release|Any CPU.ActiveCfg = Release|Any CPU
		{434A0472-C686-43D3-97AC-CBBEEA14BF1E}.Release|Any CPU.Build.0 = Release|Any CPU
		{184A74CA-856C-4142-9826-95A26E6CFEFC}.Debug|Any CPU.ActiveCfg = Debug|Any CPU
		{184A74CA-856C-4142-9826-95A26E6CFEFC}.Debug|Any CPU.Build.0 = Debug|Any CPU
		{184A74CA-856C-4142-9826-95A26E6CFEFC}.Release|Any CPU.ActiveCfg = Release|Any CPU
		{184A74CA-856C-4142-9826-95A26E6CFEFC}.Release|Any CPU.Build.0 = Release|Any CPU
	EndGlobalSection
EndGlobal
